
Microsoft Visual Studio Solution File, Format Version 12.00
Project("{FAE04EC0-301F-11D3-BF4B-00C04F79EFBC}") = "WorkChopin.Api", "WorkChopin.Api\WorkChopin.Api.csproj", "{3F767A0F-18AA-4724-A1E3-881E3CF2E00F}"
EndProject
Global
	GlobalSection(SolutionConfigurationPlatforms) = preSolution
		Debug|Any CPU = Debug|Any CPU
		Release|Any CPU = Release|Any CPU
	EndGlobalSection
	GlobalSection(ProjectConfigurationPlatforms) = postSolution
		{3F767A0F-18AA-4724-A1E3-881E3CF2E00F}.Debug|Any CPU.ActiveCfg = Debug|Any CPU
		{3F767A0F-18AA-4724-A1E3-881E3CF2E00F}.Debug|Any CPU.Build.0 = Debug|Any CPU
		{3F767A0F-18AA-4724-A1E3-881E3CF2E00F}.Release|Any CPU.ActiveCfg = Release|Any CPU
		{3F767A0F-18AA-4724-A1E3-881E3CF2E00F}.Release|Any CPU.Build.0 = Release|Any CPU
	EndGlobalSection
EndGlobal
